
Microsoft Visual Studio Solution File, Format Version 12.00
# Visual Studio Version 16
VisualStudioVersion = 16.0.30611.23
MinimumVisualStudioVersion = 10.0.40219.1
Project("{FAE04EC0-301F-11D3-BF4B-00C04F79EFBC}") = "HelloWorldFromWebApp", "HelloWorldFromWebApp.csproj", "{72225026-6B92-40E9-ACD0-781288218CE3}"
EndProject
Global
	GlobalSection(SolutionConfigurationPlatforms) = preSolution
		Debug|Any CPU = Debug|Any CPU
		Release|Any CPU = Release|Any CPU
	EndGlobalSection
	GlobalSection(ProjectConfigurationPlatforms) = postSolution
		{72225026-6B92-40E9-ACD0-781288218CE3}.Debug|Any CPU.ActiveCfg = Debug|Any CPU
		{72225026-6B92-40E9-ACD0-781288218CE3}.Debug|Any CPU.Build.0 = Debug|Any CPU
		{72225026-6B92-40E9-ACD0-781288218CE3}.Release|Any CPU.ActiveCfg = Release|Any CPU
		{72225026-6B92-40E9-ACD0-781288218CE3}.Release|Any CPU.Build.0 = Release|Any CPU
	EndGlobalSection
	GlobalSection(SolutionProperties) = preSolution
		HideSolutionNode = FALSE
	EndGlobalSection
	GlobalSection(ExtensibilityGlobals) = postSolution
		SolutionGuid = {3579D6ED-90F4-4EFA-AD84-330A45B6C2FF}
	EndGlobalSection
EndGlobal
